// !$*UTF8*$!
{
	archiveVersion = 1;
	classes = {
	};
	objectVersion = 52;
	objects = {

/* Begin PBXBuildFile section */
		AF01558B268BBD4500854DCA /* PandoraAnimation.json in Resources */ = {isa = PBXBuildFile; fileRef = AF01558A268BBD4500854DCA /* PandoraAnimation.json */; };
		AF2D3C142681205200878238 /* Tag.swift in Sources */ = {isa = PBXBuildFile; fileRef = AF2D3C132681205200878238 /* Tag.swift */; };
		AF2D3C16268122FB00878238 /* EditMissionView.swift in Sources */ = {isa = PBXBuildFile; fileRef = AF2D3C15268122FB00878238 /* EditMissionView.swift */; };
		AF2D3C1A26817A1700878238 /* NotificationTimePicker.swift in Sources */ = {isa = PBXBuildFile; fileRef = AF2D3C1926817A1700878238 /* NotificationTimePicker.swift */; };
		AF33D263268A3AAC00DD38D3 /* ShopView.swift in Sources */ = {isa = PBXBuildFile; fileRef = AF33D262268A3AAC00DD38D3 /* ShopView.swift */; };
		AF33D265268A3FC600DD38D3 /* RoundedCorner.swift in Sources */ = {isa = PBXBuildFile; fileRef = AF33D264268A3FC600DD38D3 /* RoundedCorner.swift */; };
		AF33D267268A430300DD38D3 /* PopUpView.swift in Sources */ = {isa = PBXBuildFile; fileRef = AF33D266268A430300DD38D3 /* PopUpView.swift */; };
		AF33D269268A775600DD38D3 /* LottieView.swift in Sources */ = {isa = PBXBuildFile; fileRef = AF33D268268A775600DD38D3 /* LottieView.swift */; };
		AF33D270268A781300DD38D3 /* PandoraAnimation.swift in Sources */ = {isa = PBXBuildFile; fileRef = AF33D26F268A781300DD38D3 /* PandoraAnimation.swift */; };
		AF33D274268A85B200DD38D3 /* OnBoardingView.swift in Sources */ = {isa = PBXBuildFile; fileRef = AF33D273268A85B200DD38D3 /* OnBoardingView.swift */; };
		AF4E72A1267D1B1500861358 /* KoutiApp.swift in Sources */ = {isa = PBXBuildFile; fileRef = AF4E72A0267D1B1500861358 /* KoutiApp.swift */; };
		AF4E72A3267D1B1500861358 /* KoutiView.swift in Sources */ = {isa = PBXBuildFile; fileRef = AF4E72A2267D1B1500861358 /* KoutiView.swift */; };
		AF4E72A5267D1B1600861358 /* Assets.xcassets in Resources */ = {isa = PBXBuildFile; fileRef = AF4E72A4267D1B1600861358 /* Assets.xcassets */; };
		AF4E72A8267D1B1600861358 /* Preview Assets.xcassets in Resources */ = {isa = PBXBuildFile; fileRef = AF4E72A7267D1B1600861358 /* Preview Assets.xcassets */; };
		AF4E72B1267D21C600861358 /* UserModel.swift in Sources */ = {isa = PBXBuildFile; fileRef = AF4E72B0267D21C600861358 /* UserModel.swift */; };
		AF4E72B3267D230200861358 /* MonsterModel.swift in Sources */ = {isa = PBXBuildFile; fileRef = AF4E72B2267D230200861358 /* MonsterModel.swift */; };
		AF4E72B6267D23E300861358 /* TitleModel.swift in Sources */ = {isa = PBXBuildFile; fileRef = AF4E72B5267D23E300861358 /* TitleModel.swift */; };
		AF4E72B8267D245800861358 /* Category.swift in Sources */ = {isa = PBXBuildFile; fileRef = AF4E72B7267D245800861358 /* Category.swift */; };
		AF4E72BA267D285600861358 /* TaskModel.swift in Sources */ = {isa = PBXBuildFile; fileRef = AF4E72B9267D285600861358 /* TaskModel.swift */; };
		AF4E72BC267D2B0A00861358 /* Days.swift in Sources */ = {isa = PBXBuildFile; fileRef = AF4E72BB267D2B0A00861358 /* Days.swift */; };
		AF4E72BE267D327400861358 /* HistoryModel.swift in Sources */ = {isa = PBXBuildFile; fileRef = AF4E72BD267D327400861358 /* HistoryModel.swift */; };
		AF4E72C1267D381900861358 /* TagButton.swift in Sources */ = {isa = PBXBuildFile; fileRef = AF4E72C0267D381900861358 /* TagButton.swift */; };
		AF67909626864ABC00D5F454 /* Lottie in Frameworks */ = {isa = PBXBuildFile; productRef = AF67909526864ABC00D5F454 /* Lottie */; };
		AF8B54FA2684DDC900E37C85 /* MonsterDraw.swift in Sources */ = {isa = PBXBuildFile; fileRef = AF8B54F92684DDC900E37C85 /* MonsterDraw.swift */; };
		AF8B54FD2684F92D00E37C85 /* UserManager.swift in Sources */ = {isa = PBXBuildFile; fileRef = AF8B54FC2684F92D00E37C85 /* UserManager.swift */; };
		AF8D166F26826ADD008173B3 /* NewMissionView.swift in Sources */ = {isa = PBXBuildFile; fileRef = AF8D166E26826ADD008173B3 /* NewMissionView.swift */; };
		AF99CEC92680FB7800AD151A /* TagList.swift in Sources */ = {isa = PBXBuildFile; fileRef = AF99CEC82680FB7800AD151A /* TagList.swift */; };
		AF99CECB2681083900AD151A /* DaysSelector.swift in Sources */ = {isa = PBXBuildFile; fileRef = AF99CECA2681083900AD151A /* DaysSelector.swift */; };
		AF9DE0A0268CBBBF005E7A96 /* Background.swift in Sources */ = {isa = PBXBuildFile; fileRef = AF9DE09F268CBBBF005E7A96 /* Background.swift */; };
		AFE704F7268D51210048597E /* NotificationManager.swift in Sources */ = {isa = PBXBuildFile; fileRef = AFE704F6268D51210048597E /* NotificationManager.swift */; };
		AFEAF34D26826DBA0084D34C /* DefaultMissionLink.swift in Sources */ = {isa = PBXBuildFile; fileRef = AFEAF34C26826DBA0084D34C /* DefaultMissionLink.swift */; };
		FA01E2332683966F008F9C66 /* CharacterSkinPicker.swift in Sources */ = {isa = PBXBuildFile; fileRef = FA01E2322683966F008F9C66 /* CharacterSkinPicker.swift */; };
		FA01E23526839AB8008F9C66 /* CharacterPageView.swift in Sources */ = {isa = PBXBuildFile; fileRef = FA01E23426839AB8008F9C66 /* CharacterPageView.swift */; };
		FA071380268A92DF00A457DB /* Graph.swift in Sources */ = {isa = PBXBuildFile; fileRef = FA07137F268A92DF00A457DB /* Graph.swift */; };
		FA071382268A9D2700A457DB /* Statistics.swift in Sources */ = {isa = PBXBuildFile; fileRef = FA071381268A9D2700A457DB /* Statistics.swift */; };
		FA31ED2F268B68D80014F18E /* AnimationTest.swift in Sources */ = {isa = PBXBuildFile; fileRef = FA31ED2E268B68D80014F18E /* AnimationTest.swift */; };
		FA612CA0267F836B002BDDC2 /* TaskButton.swift in Sources */ = {isa = PBXBuildFile; fileRef = FA612C9F267F836B002BDDC2 /* TaskButton.swift */; };
		FA612CA2267FA086002BDDC2 /* ExperienceBar.swift in Sources */ = {isa = PBXBuildFile; fileRef = FA612CA1267FA086002BDDC2 /* ExperienceBar.swift */; };
		FA612CA4267FA4FF002BDDC2 /* StreakDisplay.swift in Sources */ = {isa = PBXBuildFile; fileRef = FA612CA3267FA4FF002BDDC2 /* StreakDisplay.swift */; };
		FA612CA6267FABDF002BDDC2 /* CharacterHeaderAndPicture.swift in Sources */ = {isa = PBXBuildFile; fileRef = FA612CA5267FABDF002BDDC2 /* CharacterHeaderAndPicture.swift */; };
		FA79FEA3267D2FC2001D865D /* BestiaryModel.swift in Sources */ = {isa = PBXBuildFile; fileRef = FA79FEA2267D2FC2001D865D /* BestiaryModel.swift */; };
		FA79FEA5267D30D1001D865D /* InventoryModel.swift in Sources */ = {isa = PBXBuildFile; fileRef = FA79FEA4267D30D1001D865D /* InventoryModel.swift */; };
		FA79FEA7267D30FD001D865D /* ItemModel.swift in Sources */ = {isa = PBXBuildFile; fileRef = FA79FEA6267D30FD001D865D /* ItemModel.swift */; };
		FA79FEA9267D3159001D865D /* CharacterModel.swift in Sources */ = {isa = PBXBuildFile; fileRef = FA79FEA8267D3159001D865D /* CharacterModel.swift */; };
		FA79FEAB267D31DD001D865D /* ItemType.swift in Sources */ = {isa = PBXBuildFile; fileRef = FA79FEAA267D31DD001D865D /* ItemType.swift */; };
		FA8355D42684B807004354B7 /* Character.swift in Sources */ = {isa = PBXBuildFile; fileRef = FA8355D32684B807004354B7 /* Character.swift */; };
		FA8355D8268502D6004354B7 /* CharacterHeader.swift in Sources */ = {isa = PBXBuildFile; fileRef = FA8355D7268502D6004354B7 /* CharacterHeader.swift */; };
		FA8355DA26850F55004354B7 /* DefaultTasks.swift in Sources */ = {isa = PBXBuildFile; fileRef = FA8355D926850F55004354B7 /* DefaultTasks.swift */; };
		FA892A7A2687F5FD00A236A6 /* AppView.swift in Sources */ = {isa = PBXBuildFile; fileRef = FA892A792687F5FD00A236A6 /* AppView.swift */; };
		FA9E0919268CC10400D3ED1C /* TaskList.swift in Sources */ = {isa = PBXBuildFile; fileRef = FA9E0918268CC10400D3ED1C /* TaskList.swift */; };
		FAA57AE72688C58500A98EF9 /* ColorExtension.swift in Sources */ = {isa = PBXBuildFile; fileRef = FAA57AE62688C58500A98EF9 /* ColorExtension.swift */; };
		FAD6C9622681242D00134A83 /* Bestiary.swift in Sources */ = {isa = PBXBuildFile; fileRef = FAD6C9612681242D00134A83 /* Bestiary.swift */; };
		FAD6C9642681260D00134A83 /* Items.swift in Sources */ = {isa = PBXBuildFile; fileRef = FAD6C9632681260D00134A83 /* Items.swift */; };
		FAD6C966268126DA00134A83 /* CharacterInfoDisplay.swift in Sources */ = {isa = PBXBuildFile; fileRef = FAD6C965268126DA00134A83 /* CharacterInfoDisplay.swift */; };
		FAD6C96A2682262500134A83 /* TasksDisplay.swift in Sources */ = {isa = PBXBuildFile; fileRef = FAD6C9692682262500134A83 /* TasksDisplay.swift */; };
		FAD6C9702682586F00134A83 /* TagSelector.swift in Sources */ = {isa = PBXBuildFile; fileRef = FAD6C96F2682586F00134A83 /* TagSelector.swift */; };
		FAD6C972268260A700134A83 /* MainPageView.swift in Sources */ = {isa = PBXBuildFile; fileRef = FAD6C971268260A700134A83 /* MainPageView.swift */; };
/* End PBXBuildFile section */

/* Begin PBXFileReference section */
		AF01558A268BBD4500854DCA /* PandoraAnimation.json */ = {isa = PBXFileReference; fileEncoding = 4; lastKnownFileType = text.json; path = PandoraAnimation.json; sourceTree = "<group>"; };
		AF2D3C132681205200878238 /* Tag.swift */ = {isa = PBXFileReference; lastKnownFileType = sourcecode.swift; path = Tag.swift; sourceTree = "<group>"; };
		AF2D3C15268122FB00878238 /* EditMissionView.swift */ = {isa = PBXFileReference; lastKnownFileType = sourcecode.swift; path = EditMissionView.swift; sourceTree = "<group>"; };
		AF2D3C1926817A1700878238 /* NotificationTimePicker.swift */ = {isa = PBXFileReference; lastKnownFileType = sourcecode.swift; path = NotificationTimePicker.swift; sourceTree = "<group>"; };
		AF33D262268A3AAC00DD38D3 /* ShopView.swift */ = {isa = PBXFileReference; lastKnownFileType = sourcecode.swift; path = ShopView.swift; sourceTree = "<group>"; };
		AF33D264268A3FC600DD38D3 /* RoundedCorner.swift */ = {isa = PBXFileReference; lastKnownFileType = sourcecode.swift; path = RoundedCorner.swift; sourceTree = "<group>"; };
		AF33D266268A430300DD38D3 /* PopUpView.swift */ = {isa = PBXFileReference; lastKnownFileType = sourcecode.swift; path = PopUpView.swift; sourceTree = "<group>"; };
		AF33D268268A775600DD38D3 /* LottieView.swift */ = {isa = PBXFileReference; lastKnownFileType = sourcecode.swift; path = LottieView.swift; sourceTree = "<group>"; };
		AF33D26F268A781300DD38D3 /* PandoraAnimation.swift */ = {isa = PBXFileReference; lastKnownFileType = sourcecode.swift; path = PandoraAnimation.swift; sourceTree = "<group>"; };
		AF33D273268A85B200DD38D3 /* OnBoardingView.swift */ = {isa = PBXFileReference; lastKnownFileType = sourcecode.swift; path = OnBoardingView.swift; sourceTree = "<group>"; };
		AF4E729D267D1B1500861358 /* Kouti.app */ = {isa = PBXFileReference; explicitFileType = wrapper.application; includeInIndex = 0; path = Kouti.app; sourceTree = BUILT_PRODUCTS_DIR; };
		AF4E72A0267D1B1500861358 /* KoutiApp.swift */ = {isa = PBXFileReference; lastKnownFileType = sourcecode.swift; path = KoutiApp.swift; sourceTree = "<group>"; };
		AF4E72A2267D1B1500861358 /* KoutiView.swift */ = {isa = PBXFileReference; lastKnownFileType = sourcecode.swift; path = KoutiView.swift; sourceTree = "<group>"; };
		AF4E72A4267D1B1600861358 /* Assets.xcassets */ = {isa = PBXFileReference; lastKnownFileType = folder.assetcatalog; path = Assets.xcassets; sourceTree = "<group>"; };
		AF4E72A7267D1B1600861358 /* Preview Assets.xcassets */ = {isa = PBXFileReference; lastKnownFileType = folder.assetcatalog; path = "Preview Assets.xcassets"; sourceTree = "<group>"; };
		AF4E72A9267D1B1600861358 /* Info.plist */ = {isa = PBXFileReference; lastKnownFileType = text.plist.xml; path = Info.plist; sourceTree = "<group>"; };
		AF4E72B0267D21C600861358 /* UserModel.swift */ = {isa = PBXFileReference; lastKnownFileType = sourcecode.swift; path = UserModel.swift; sourceTree = "<group>"; };
		AF4E72B2267D230200861358 /* MonsterModel.swift */ = {isa = PBXFileReference; lastKnownFileType = sourcecode.swift; path = MonsterModel.swift; sourceTree = "<group>"; };
		AF4E72B5267D23E300861358 /* TitleModel.swift */ = {isa = PBXFileReference; lastKnownFileType = sourcecode.swift; path = TitleModel.swift; sourceTree = "<group>"; };
		AF4E72B7267D245800861358 /* Category.swift */ = {isa = PBXFileReference; lastKnownFileType = sourcecode.swift; path = Category.swift; sourceTree = "<group>"; };
		AF4E72B9267D285600861358 /* TaskModel.swift */ = {isa = PBXFileReference; lastKnownFileType = sourcecode.swift; path = TaskModel.swift; sourceTree = "<group>"; };
		AF4E72BB267D2B0A00861358 /* Days.swift */ = {isa = PBXFileReference; lastKnownFileType = sourcecode.swift; path = Days.swift; sourceTree = "<group>"; };
		AF4E72BD267D327400861358 /* HistoryModel.swift */ = {isa = PBXFileReference; lastKnownFileType = sourcecode.swift; path = HistoryModel.swift; sourceTree = "<group>"; };
		AF4E72C0267D381900861358 /* TagButton.swift */ = {isa = PBXFileReference; lastKnownFileType = sourcecode.swift; path = TagButton.swift; sourceTree = "<group>"; };
		AF8B54F92684DDC900E37C85 /* MonsterDraw.swift */ = {isa = PBXFileReference; lastKnownFileType = sourcecode.swift; path = MonsterDraw.swift; sourceTree = "<group>"; };
		AF8B54FC2684F92D00E37C85 /* UserManager.swift */ = {isa = PBXFileReference; lastKnownFileType = sourcecode.swift; path = UserManager.swift; sourceTree = "<group>"; };
		AF8D166E26826ADD008173B3 /* NewMissionView.swift */ = {isa = PBXFileReference; lastKnownFileType = sourcecode.swift; path = NewMissionView.swift; sourceTree = "<group>"; };
		AF99CEC82680FB7800AD151A /* TagList.swift */ = {isa = PBXFileReference; lastKnownFileType = sourcecode.swift; path = TagList.swift; sourceTree = "<group>"; };
		AF99CECA2681083900AD151A /* DaysSelector.swift */ = {isa = PBXFileReference; lastKnownFileType = sourcecode.swift; path = DaysSelector.swift; sourceTree = "<group>"; };
		AF9DE09F268CBBBF005E7A96 /* Background.swift */ = {isa = PBXFileReference; lastKnownFileType = sourcecode.swift; path = Background.swift; sourceTree = "<group>"; };
		AFE704F6268D51210048597E /* NotificationManager.swift */ = {isa = PBXFileReference; lastKnownFileType = sourcecode.swift; path = NotificationManager.swift; sourceTree = "<group>"; };
		AFEAF34C26826DBA0084D34C /* DefaultMissionLink.swift */ = {isa = PBXFileReference; lastKnownFileType = sourcecode.swift; path = DefaultMissionLink.swift; sourceTree = "<group>"; };
		FA01E2322683966F008F9C66 /* CharacterSkinPicker.swift */ = {isa = PBXFileReference; lastKnownFileType = sourcecode.swift; path = CharacterSkinPicker.swift; sourceTree = "<group>"; };
		FA01E23426839AB8008F9C66 /* CharacterPageView.swift */ = {isa = PBXFileReference; lastKnownFileType = sourcecode.swift; path = CharacterPageView.swift; sourceTree = "<group>"; };
		FA07137F268A92DF00A457DB /* Graph.swift */ = {isa = PBXFileReference; lastKnownFileType = sourcecode.swift; path = Graph.swift; sourceTree = "<group>"; };
		FA071381268A9D2700A457DB /* Statistics.swift */ = {isa = PBXFileReference; lastKnownFileType = sourcecode.swift; path = Statistics.swift; sourceTree = "<group>"; };
		FA31ED2E268B68D80014F18E /* AnimationTest.swift */ = {isa = PBXFileReference; lastKnownFileType = sourcecode.swift; path = AnimationTest.swift; sourceTree = "<group>"; };
		FA612C9F267F836B002BDDC2 /* TaskButton.swift */ = {isa = PBXFileReference; lastKnownFileType = sourcecode.swift; path = TaskButton.swift; sourceTree = "<group>"; };
		FA612CA1267FA086002BDDC2 /* ExperienceBar.swift */ = {isa = PBXFileReference; lastKnownFileType = sourcecode.swift; path = ExperienceBar.swift; sourceTree = "<group>"; };
		FA612CA3267FA4FF002BDDC2 /* StreakDisplay.swift */ = {isa = PBXFileReference; lastKnownFileType = sourcecode.swift; path = StreakDisplay.swift; sourceTree = "<group>"; };
		FA612CA5267FABDF002BDDC2 /* CharacterHeaderAndPicture.swift */ = {isa = PBXFileReference; lastKnownFileType = sourcecode.swift; path = CharacterHeaderAndPicture.swift; sourceTree = "<group>"; };
		FA79FEA2267D2FC2001D865D /* BestiaryModel.swift */ = {isa = PBXFileReference; lastKnownFileType = sourcecode.swift; path = BestiaryModel.swift; sourceTree = "<group>"; };
		FA79FEA4267D30D1001D865D /* InventoryModel.swift */ = {isa = PBXFileReference; lastKnownFileType = sourcecode.swift; path = InventoryModel.swift; sourceTree = "<group>"; };
		FA79FEA6267D30FD001D865D /* ItemModel.swift */ = {isa = PBXFileReference; lastKnownFileType = sourcecode.swift; path = ItemModel.swift; sourceTree = "<group>"; };
		FA79FEA8267D3159001D865D /* CharacterModel.swift */ = {isa = PBXFileReference; lastKnownFileType = sourcecode.swift; path = CharacterModel.swift; sourceTree = "<group>"; };
		FA79FEAA267D31DD001D865D /* ItemType.swift */ = {isa = PBXFileReference; lastKnownFileType = sourcecode.swift; path = ItemType.swift; sourceTree = "<group>"; };
		FA8355D32684B807004354B7 /* Character.swift */ = {isa = PBXFileReference; lastKnownFileType = sourcecode.swift; path = Character.swift; sourceTree = "<group>"; };
		FA8355D7268502D6004354B7 /* CharacterHeader.swift */ = {isa = PBXFileReference; lastKnownFileType = sourcecode.swift; path = CharacterHeader.swift; sourceTree = "<group>"; };
		FA8355D926850F55004354B7 /* DefaultTasks.swift */ = {isa = PBXFileReference; lastKnownFileType = sourcecode.swift; path = DefaultTasks.swift; sourceTree = "<group>"; };
		FA892A792687F5FD00A236A6 /* AppView.swift */ = {isa = PBXFileReference; lastKnownFileType = sourcecode.swift; path = AppView.swift; sourceTree = "<group>"; };
		FA9E0918268CC10400D3ED1C /* TaskList.swift */ = {isa = PBXFileReference; lastKnownFileType = sourcecode.swift; path = TaskList.swift; sourceTree = "<group>"; };
		FAA57AE62688C58500A98EF9 /* ColorExtension.swift */ = {isa = PBXFileReference; lastKnownFileType = sourcecode.swift; path = ColorExtension.swift; sourceTree = "<group>"; };
		FAD6C9612681242D00134A83 /* Bestiary.swift */ = {isa = PBXFileReference; lastKnownFileType = sourcecode.swift; path = Bestiary.swift; sourceTree = "<group>"; };
		FAD6C9632681260D00134A83 /* Items.swift */ = {isa = PBXFileReference; lastKnownFileType = sourcecode.swift; path = Items.swift; sourceTree = "<group>"; };
		FAD6C965268126DA00134A83 /* CharacterInfoDisplay.swift */ = {isa = PBXFileReference; lastKnownFileType = sourcecode.swift; path = CharacterInfoDisplay.swift; sourceTree = "<group>"; };
		FAD6C9692682262500134A83 /* TasksDisplay.swift */ = {isa = PBXFileReference; lastKnownFileType = sourcecode.swift; path = TasksDisplay.swift; sourceTree = "<group>"; };
		FAD6C96F2682586F00134A83 /* TagSelector.swift */ = {isa = PBXFileReference; lastKnownFileType = sourcecode.swift; path = TagSelector.swift; sourceTree = "<group>"; };
		FAD6C971268260A700134A83 /* MainPageView.swift */ = {isa = PBXFileReference; lastKnownFileType = sourcecode.swift; path = MainPageView.swift; sourceTree = "<group>"; };
/* End PBXFileReference section */

/* Begin PBXFrameworksBuildPhase section */
		AF4E729A267D1B1500861358 /* Frameworks */ = {
			isa = PBXFrameworksBuildPhase;
			buildActionMask = 2147483647;
			files = (
				AF67909626864ABC00D5F454 /* Lottie in Frameworks */,
			);
			runOnlyForDeploymentPostprocessing = 0;
		};
/* End PBXFrameworksBuildPhase section */

/* Begin PBXGroup section */
		AF33D26E268A780900DD38D3 /* OnBoarding */ = {
			isa = PBXGroup;
			children = (
				AF33D26F268A781300DD38D3 /* PandoraAnimation.swift */,
				AF33D273268A85B200DD38D3 /* OnBoardingView.swift */,
			);
			path = OnBoarding;
			sourceTree = "<group>";
		};
		AF4E7294267D1B1500861358 = {
			isa = PBXGroup;
			children = (
				AF4E729F267D1B1500861358 /* Kouti */,
				AF4E729E267D1B1500861358 /* Products */,
			);
			sourceTree = "<group>";
		};
		AF4E729E267D1B1500861358 /* Products */ = {
			isa = PBXGroup;
			children = (
				AF4E729D267D1B1500861358 /* Kouti.app */,
			);
			name = Products;
			sourceTree = "<group>";
		};
		AF4E729F267D1B1500861358 /* Kouti */ = {
			isa = PBXGroup;
			children = (
				AF01558A268BBD4500854DCA /* PandoraAnimation.json */,
				AF8B54FB2684F88700E37C85 /* ViewModel */,
				AF4E72BF267D369100861358 /* views */,
				AF4E72B4267D23C500861358 /* resources */,
				AF4E72AF267D21B500861358 /* models */,
				AF4E72A0267D1B1500861358 /* KoutiApp.swift */,
				AF4E72A2267D1B1500861358 /* KoutiView.swift */,
				AF4E72A4267D1B1600861358 /* Assets.xcassets */,
				AF4E72A9267D1B1600861358 /* Info.plist */,
				AF4E72A6267D1B1600861358 /* Preview Content */,
			);
			path = Kouti;
			sourceTree = "<group>";
		};
		AF4E72A6267D1B1600861358 /* Preview Content */ = {
			isa = PBXGroup;
			children = (
				AF4E72A7267D1B1600861358 /* Preview Assets.xcassets */,
			);
			path = "Preview Content";
			sourceTree = "<group>";
		};
		AF4E72AF267D21B500861358 /* models */ = {
			isa = PBXGroup;
			children = (
				AF4E72B5267D23E300861358 /* TitleModel.swift */,
				AF4E72B0267D21C600861358 /* UserModel.swift */,
				AF4E72BD267D327400861358 /* HistoryModel.swift */,
				AF4E72B9267D285600861358 /* TaskModel.swift */,
				AF4E72B2267D230200861358 /* MonsterModel.swift */,
				FA79FEA2267D2FC2001D865D /* BestiaryModel.swift */,
				FA79FEA4267D30D1001D865D /* InventoryModel.swift */,
				FA79FEA6267D30FD001D865D /* ItemModel.swift */,
				FA79FEA8267D3159001D865D /* CharacterModel.swift */,
			);
			path = models;
			sourceTree = "<group>";
		};
		AF4E72B4267D23C500861358 /* resources */ = {
			isa = PBXGroup;
			children = (
				AF4E72B7267D245800861358 /* Category.swift */,
				AF4E72BB267D2B0A00861358 /* Days.swift */,
				FA79FEAA267D31DD001D865D /* ItemType.swift */,
				FA8355D926850F55004354B7 /* DefaultTasks.swift */,
				FAA57AE62688C58500A98EF9 /* ColorExtension.swift */,
				AF33D264268A3FC600DD38D3 /* RoundedCorner.swift */,
				AF33D268268A775600DD38D3 /* LottieView.swift */,
			);
			path = resources;
			sourceTree = "<group>";
		};
		AF4E72BF267D369100861358 /* views */ = {
			isa = PBXGroup;
			children = (
				AF51F7E5268BFCD700238D8E /* Main */,
				AF51F7E4268BFC4300238D8E /* Shop */,
				AF51F7E3268BFBBE00238D8E /* Character */,
				AF51F7E2268BFAEF00238D8E /* Mission */,
				AF51F7E0268BFAB300238D8E /* Tag */,
				AF33D26E268A780900DD38D3 /* OnBoarding */,
				FAD6C971268260A700134A83 /* MainPageView.swift */,
				FA01E23426839AB8008F9C66 /* CharacterPageView.swift */,
				AF33D262268A3AAC00DD38D3 /* ShopView.swift */,
				FA892A792687F5FD00A236A6 /* AppView.swift */,
				AF9DE09F268CBBBF005E7A96 /* Background.swift */,
			);
			path = views;
			sourceTree = "<group>";
		};
		AF51F7E0268BFAB300238D8E /* Tag */ = {
			isa = PBXGroup;
			children = (
				AF99CEC82680FB7800AD151A /* TagList.swift */,
				AF4E72C0267D381900861358 /* TagButton.swift */,
				AF2D3C132681205200878238 /* Tag.swift */,
				FAD6C96F2682586F00134A83 /* TagSelector.swift */,
			);
			path = Tag;
			sourceTree = "<group>";
		};
		AF51F7E1268BFAE500238D8E /* Inventory */ = {
			isa = PBXGroup;
			children = (
				FAD6C9632681260D00134A83 /* Items.swift */,
				FAD6C9612681242D00134A83 /* Bestiary.swift */,
			);
			path = Inventory;
			sourceTree = "<group>";
		};
		AF51F7E2268BFAEF00238D8E /* Mission */ = {
			isa = PBXGroup;
			children = (
				AF2D3C1926817A1700878238 /* NotificationTimePicker.swift */,
				AF8B54F92684DDC900E37C85 /* MonsterDraw.swift */,
				FA31ED2E268B68D80014F18E /* AnimationTest.swift */,
				AF99CECA2681083900AD151A /* DaysSelector.swift */,
				AF8D166E26826ADD008173B3 /* NewMissionView.swift */,
				AFEAF34C26826DBA0084D34C /* DefaultMissionLink.swift */,
				AF2D3C15268122FB00878238 /* EditMissionView.swift */,
			);
			path = Mission;
			sourceTree = "<group>";
		};
		AF51F7E3268BFBBE00238D8E /* Character */ = {
			isa = PBXGroup;
			children = (
				AF51F7E1268BFAE500238D8E /* Inventory */,
				FA01E2322683966F008F9C66 /* CharacterSkinPicker.swift */,
				FA8355D32684B807004354B7 /* Character.swift */,
				FA612CA5267FABDF002BDDC2 /* CharacterHeaderAndPicture.swift */,
				FA8355D7268502D6004354B7 /* CharacterHeader.swift */,
				FA612CA1267FA086002BDDC2 /* ExperienceBar.swift */,
				FAD6C965268126DA00134A83 /* CharacterInfoDisplay.swift */,
				FA612CA3267FA4FF002BDDC2 /* StreakDisplay.swift */,
			);
			path = Character;
			sourceTree = "<group>";
		};
		AF51F7E4268BFC4300238D8E /* Shop */ = {
			isa = PBXGroup;
			children = (
				AF33D266268A430300DD38D3 /* PopUpView.swift */,
			);
			path = Shop;
			sourceTree = "<group>";
		};
		AF51F7E5268BFCD700238D8E /* Main */ = {
			isa = PBXGroup;
			children = (
				FA07137F268A92DF00A457DB /* Graph.swift */,
				FA071381268A9D2700A457DB /* Statistics.swift */,
				FA612C9F267F836B002BDDC2 /* TaskButton.swift */,
				FA9E0918268CC10400D3ED1C /* TaskList.swift */,
				FAD6C9692682262500134A83 /* TasksDisplay.swift */,
			);
			path = Main;
			sourceTree = "<group>";
		};
		AF8B54FB2684F88700E37C85 /* ViewModel */ = {
			isa = PBXGroup;
			children = (
				AF8B54FC2684F92D00E37C85 /* UserManager.swift */,
				AFE704F6268D51210048597E /* NotificationManager.swift */,
			);
			path = ViewModel;
			sourceTree = "<group>";
		};
/* End PBXGroup section */

/* Begin PBXNativeTarget section */
		AF4E729C267D1B1500861358 /* Kouti */ = {
			isa = PBXNativeTarget;
			buildConfigurationList = AF4E72AC267D1B1600861358 /* Build configuration list for PBXNativeTarget "Kouti" */;
			buildPhases = (
				AF4E7299267D1B1500861358 /* Sources */,
				AF4E729A267D1B1500861358 /* Frameworks */,
				AF4E729B267D1B1500861358 /* Resources */,
			);
			buildRules = (
			);
			dependencies = (
			);
			name = Kouti;
			packageProductDependencies = (
				AF67909526864ABC00D5F454 /* Lottie */,
			);
			productName = Kouti;
			productReference = AF4E729D267D1B1500861358 /* Kouti.app */;
			productType = "com.apple.product-type.application";
		};
/* End PBXNativeTarget section */

/* Begin PBXProject section */
		AF4E7295267D1B1500861358 /* Project object */ = {
			isa = PBXProject;
			attributes = {
				LastSwiftUpdateCheck = 1250;
				LastUpgradeCheck = 1250;
				TargetAttributes = {
					AF4E729C267D1B1500861358 = {
						CreatedOnToolsVersion = 12.5;
					};
				};
			};
			buildConfigurationList = AF4E7298267D1B1500861358 /* Build configuration list for PBXProject "Kouti" */;
			compatibilityVersion = "Xcode 9.3";
			developmentRegion = en;
			hasScannedForEncodings = 0;
			knownRegions = (
				en,
				Base,
			);
			mainGroup = AF4E7294267D1B1500861358;
			packageReferences = (
				AF67909426864ABC00D5F454 /* XCRemoteSwiftPackageReference "lottie-ios" */,
			);
			productRefGroup = AF4E729E267D1B1500861358 /* Products */;
			projectDirPath = "";
			projectRoot = "";
			targets = (
				AF4E729C267D1B1500861358 /* Kouti */,
			);
		};
/* End PBXProject section */

/* Begin PBXResourcesBuildPhase section */
		AF4E729B267D1B1500861358 /* Resources */ = {
			isa = PBXResourcesBuildPhase;
			buildActionMask = 2147483647;
			files = (
				AF4E72A8267D1B1600861358 /* Preview Assets.xcassets in Resources */,
				AF4E72A5267D1B1600861358 /* Assets.xcassets in Resources */,
				AF01558B268BBD4500854DCA /* PandoraAnimation.json in Resources */,
			);
			runOnlyForDeploymentPostprocessing = 0;
		};
/* End PBXResourcesBuildPhase section */

/* Begin PBXSourcesBuildPhase section */
		AF4E7299267D1B1500861358 /* Sources */ = {
			isa = PBXSourcesBuildPhase;
			buildActionMask = 2147483647;
			files = (
				AF99CEC92680FB7800AD151A /* TagList.swift in Sources */,
				AF4E72B6267D23E300861358 /* TitleModel.swift in Sources */,
				AF33D269268A775600DD38D3 /* LottieView.swift in Sources */,
				FA8355D42684B807004354B7 /* Character.swift in Sources */,
				FAD6C972268260A700134A83 /* MainPageView.swift in Sources */,
				FAD6C9702682586F00134A83 /* TagSelector.swift in Sources */,
				FAD6C9622681242D00134A83 /* Bestiary.swift in Sources */,
				AF33D274268A85B200DD38D3 /* OnBoardingView.swift in Sources */,
				FA79FEAB267D31DD001D865D /* ItemType.swift in Sources */,
				AF33D270268A781300DD38D3 /* PandoraAnimation.swift in Sources */,
				AF2D3C1A26817A1700878238 /* NotificationTimePicker.swift in Sources */,
				AF4E72A3267D1B1500861358 /* KoutiView.swift in Sources */,
				AF99CECB2681083900AD151A /* DaysSelector.swift in Sources */,
				FAD6C966268126DA00134A83 /* CharacterInfoDisplay.swift in Sources */,
				FAD6C96A2682262500134A83 /* TasksDisplay.swift in Sources */,
				FA612CA2267FA086002BDDC2 /* ExperienceBar.swift in Sources */,
				AF2D3C142681205200878238 /* Tag.swift in Sources */,
				FA31ED2F268B68D80014F18E /* AnimationTest.swift in Sources */,
				AF8D166F26826ADD008173B3 /* NewMissionView.swift in Sources */,
				AF4E72BE267D327400861358 /* HistoryModel.swift in Sources */,
				AFEAF34D26826DBA0084D34C /* DefaultMissionLink.swift in Sources */,
				AF4E72B1267D21C600861358 /* UserModel.swift in Sources */,
				AF8B54FD2684F92D00E37C85 /* UserManager.swift in Sources */,
				AF8B54FA2684DDC900E37C85 /* MonsterDraw.swift in Sources */,
				FA01E23526839AB8008F9C66 /* CharacterPageView.swift in Sources */,
				AFE704F7268D51210048597E /* NotificationManager.swift in Sources */,
				FAA57AE72688C58500A98EF9 /* ColorExtension.swift in Sources */,
				FA79FEA5267D30D1001D865D /* InventoryModel.swift in Sources */,
				AF4E72B3267D230200861358 /* MonsterModel.swift in Sources */,
				FA071380268A92DF00A457DB /* Graph.swift in Sources */,
				AF4E72A1267D1B1500861358 /* KoutiApp.swift in Sources */,
				AF33D265268A3FC600DD38D3 /* RoundedCorner.swift in Sources */,
				FA79FEA7267D30FD001D865D /* ItemModel.swift in Sources */,
				FA612CA4267FA4FF002BDDC2 /* StreakDisplay.swift in Sources */,
				AF4E72B8267D245800861358 /* Category.swift in Sources */,
				FA01E2332683966F008F9C66 /* CharacterSkinPicker.swift in Sources */,
				FA892A7A2687F5FD00A236A6 /* AppView.swift in Sources */,
				AF33D263268A3AAC00DD38D3 /* ShopView.swift in Sources */,
				FAD6C9642681260D00134A83 /* Items.swift in Sources */,
				AF9DE0A0268CBBBF005E7A96 /* Background.swift in Sources */,
				AF33D267268A430300DD38D3 /* PopUpView.swift in Sources */,
				FA612CA0267F836B002BDDC2 /* TaskButton.swift in Sources */,
				AF2D3C16268122FB00878238 /* EditMissionView.swift in Sources */,
				FA071382268A9D2700A457DB /* Statistics.swift in Sources */,
				FA9E0919268CC10400D3ED1C /* TaskList.swift in Sources */,
				FA8355DA26850F55004354B7 /* DefaultTasks.swift in Sources */,
				FA79FEA3267D2FC2001D865D /* BestiaryModel.swift in Sources */,
				FA79FEA9267D3159001D865D /* CharacterModel.swift in Sources */,
				AF4E72C1267D381900861358 /* TagButton.swift in Sources */,
				AF4E72BC267D2B0A00861358 /* Days.swift in Sources */,
				FA612CA6267FABDF002BDDC2 /* CharacterHeaderAndPicture.swift in Sources */,
				FA8355D8268502D6004354B7 /* CharacterHeader.swift in Sources */,
				AF4E72BA267D285600861358 /* TaskModel.swift in Sources */,
			);
			runOnlyForDeploymentPostprocessing = 0;
		};
/* End PBXSourcesBuildPhase section */

/* Begin XCBuildConfiguration section */
		AF4E72AA267D1B1600861358 /* Debug */ = {
			isa = XCBuildConfiguration;
			buildSettings = {
				ALWAYS_SEARCH_USER_PATHS = NO;
				CLANG_ANALYZER_NONNULL = YES;
				CLANG_ANALYZER_NUMBER_OBJECT_CONVERSION = YES_AGGRESSIVE;
				CLANG_CXX_LANGUAGE_STANDARD = "gnu++14";
				CLANG_CXX_LIBRARY = "libc++";
				CLANG_ENABLE_MODULES = YES;
				CLANG_ENABLE_OBJC_ARC = YES;
				CLANG_ENABLE_OBJC_WEAK = YES;
				CLANG_WARN_BLOCK_CAPTURE_AUTORELEASING = YES;
				CLANG_WARN_BOOL_CONVERSION = YES;
				CLANG_WARN_COMMA = YES;
				CLANG_WARN_CONSTANT_CONVERSION = YES;
				CLANG_WARN_DEPRECATED_OBJC_IMPLEMENTATIONS = YES;
				CLANG_WARN_DIRECT_OBJC_ISA_USAGE = YES_ERROR;
				CLANG_WARN_DOCUMENTATION_COMMENTS = YES;
				CLANG_WARN_EMPTY_BODY = YES;
				CLANG_WARN_ENUM_CONVERSION = YES;
				CLANG_WARN_INFINITE_RECURSION = YES;
				CLANG_WARN_INT_CONVERSION = YES;
				CLANG_WARN_NON_LITERAL_NULL_CONVERSION = YES;
				CLANG_WARN_OBJC_IMPLICIT_RETAIN_SELF = YES;
				CLANG_WARN_OBJC_LITERAL_CONVERSION = YES;
				CLANG_WARN_OBJC_ROOT_CLASS = YES_ERROR;
				CLANG_WARN_QUOTED_INCLUDE_IN_FRAMEWORK_HEADER = YES;
				CLANG_WARN_RANGE_LOOP_ANALYSIS = YES;
				CLANG_WARN_STRICT_PROTOTYPES = YES;
				CLANG_WARN_SUSPICIOUS_MOVE = YES;
				CLANG_WARN_UNGUARDED_AVAILABILITY = YES_AGGRESSIVE;
				CLANG_WARN_UNREACHABLE_CODE = YES;
				CLANG_WARN__DUPLICATE_METHOD_MATCH = YES;
				COPY_PHASE_STRIP = NO;
				DEAD_CODE_STRIPPING = NO;
				DEBUG_INFORMATION_FORMAT = dwarf;
				ENABLE_STRICT_OBJC_MSGSEND = YES;
				ENABLE_TESTABILITY = YES;
				GCC_C_LANGUAGE_STANDARD = gnu11;
				GCC_DYNAMIC_NO_PIC = NO;
				GCC_NO_COMMON_BLOCKS = YES;
				GCC_OPTIMIZATION_LEVEL = 0;
				GCC_PREPROCESSOR_DEFINITIONS = (
					"DEBUG=1",
					"$(inherited)",
				);
				GCC_WARN_64_TO_32_BIT_CONVERSION = YES;
				GCC_WARN_ABOUT_RETURN_TYPE = YES_ERROR;
				GCC_WARN_UNDECLARED_SELECTOR = YES;
				GCC_WARN_UNINITIALIZED_AUTOS = YES_AGGRESSIVE;
				GCC_WARN_UNUSED_FUNCTION = YES;
				GCC_WARN_UNUSED_VARIABLE = YES;
				IPHONEOS_DEPLOYMENT_TARGET = 14.5;
				MTL_ENABLE_DEBUG_INFO = INCLUDE_SOURCE;
				MTL_FAST_MATH = YES;
				ONLY_ACTIVE_ARCH = YES;
				SDKROOT = iphoneos;
				SWIFT_ACTIVE_COMPILATION_CONDITIONS = DEBUG;
				SWIFT_OPTIMIZATION_LEVEL = "-Onone";
			};
			name = Debug;
		};
		AF4E72AB267D1B1600861358 /* Release */ = {
			isa = XCBuildConfiguration;
			buildSettings = {
				ALWAYS_SEARCH_USER_PATHS = NO;
				CLANG_ANALYZER_NONNULL = YES;
				CLANG_ANALYZER_NUMBER_OBJECT_CONVERSION = YES_AGGRESSIVE;
				CLANG_CXX_LANGUAGE_STANDARD = "gnu++14";
				CLANG_CXX_LIBRARY = "libc++";
				CLANG_ENABLE_MODULES = YES;
				CLANG_ENABLE_OBJC_ARC = YES;
				CLANG_ENABLE_OBJC_WEAK = YES;
				CLANG_WARN_BLOCK_CAPTURE_AUTORELEASING = YES;
				CLANG_WARN_BOOL_CONVERSION = YES;
				CLANG_WARN_COMMA = YES;
				CLANG_WARN_CONSTANT_CONVERSION = YES;
				CLANG_WARN_DEPRECATED_OBJC_IMPLEMENTATIONS = YES;
				CLANG_WARN_DIRECT_OBJC_ISA_USAGE = YES_ERROR;
				CLANG_WARN_DOCUMENTATION_COMMENTS = YES;
				CLANG_WARN_EMPTY_BODY = YES;
				CLANG_WARN_ENUM_CONVERSION = YES;
				CLANG_WARN_INFINITE_RECURSION = YES;
				CLANG_WARN_INT_CONVERSION = YES;
				CLANG_WARN_NON_LITERAL_NULL_CONVERSION = YES;
				CLANG_WARN_OBJC_IMPLICIT_RETAIN_SELF = YES;
				CLANG_WARN_OBJC_LITERAL_CONVERSION = YES;
				CLANG_WARN_OBJC_ROOT_CLASS = YES_ERROR;
				CLANG_WARN_QUOTED_INCLUDE_IN_FRAMEWORK_HEADER = YES;
				CLANG_WARN_RANGE_LOOP_ANALYSIS = YES;
				CLANG_WARN_STRICT_PROTOTYPES = YES;
				CLANG_WARN_SUSPICIOUS_MOVE = YES;
				CLANG_WARN_UNGUARDED_AVAILABILITY = YES_AGGRESSIVE;
				CLANG_WARN_UNREACHABLE_CODE = YES;
				CLANG_WARN__DUPLICATE_METHOD_MATCH = YES;
				COPY_PHASE_STRIP = NO;
				DEAD_CODE_STRIPPING = NO;
				DEBUG_INFORMATION_FORMAT = "dwarf-with-dsym";
				ENABLE_NS_ASSERTIONS = NO;
				ENABLE_STRICT_OBJC_MSGSEND = YES;
				GCC_C_LANGUAGE_STANDARD = gnu11;
				GCC_NO_COMMON_BLOCKS = YES;
				GCC_WARN_64_TO_32_BIT_CONVERSION = YES;
				GCC_WARN_ABOUT_RETURN_TYPE = YES_ERROR;
				GCC_WARN_UNDECLARED_SELECTOR = YES;
				GCC_WARN_UNINITIALIZED_AUTOS = YES_AGGRESSIVE;
				GCC_WARN_UNUSED_FUNCTION = YES;
				GCC_WARN_UNUSED_VARIABLE = YES;
				IPHONEOS_DEPLOYMENT_TARGET = 14.5;
				MTL_ENABLE_DEBUG_INFO = NO;
				MTL_FAST_MATH = YES;
				SDKROOT = iphoneos;
				SWIFT_COMPILATION_MODE = wholemodule;
				SWIFT_OPTIMIZATION_LEVEL = "-O";
				VALIDATE_PRODUCT = YES;
			};
			name = Release;
		};
		AF4E72AD267D1B1600861358 /* Debug */ = {
			isa = XCBuildConfiguration;
			buildSettings = {
				ASSETCATALOG_COMPILER_APPICON_NAME = AppIcon;
				ASSETCATALOG_COMPILER_GLOBAL_ACCENT_COLOR_NAME = AccentColor;
				CODE_SIGN_STYLE = Automatic;
				DEVELOPMENT_ASSET_PATHS = "\"Kouti/Preview Content\"";
				DEVELOPMENT_TEAM = 3GTJZ8KSTX;
				ENABLE_PREVIEWS = YES;
				INFOPLIST_FILE = Kouti/Info.plist;
				IPHONEOS_DEPLOYMENT_TARGET = 14.0;
				LD_RUNPATH_SEARCH_PATHS = (
					"$(inherited)",
					"@executable_path/Frameworks",
				);
				PRODUCT_BUNDLE_IDENTIFIER = thiagohxm.Kouti;
				PRODUCT_NAME = "$(TARGET_NAME)";
				SWIFT_VERSION = 5.0;
				TARGETED_DEVICE_FAMILY = "1,2";
			};
			name = Debug;
		};
		AF4E72AE267D1B1600861358 /* Release */ = {
			isa = XCBuildConfiguration;
			buildSettings = {
				ASSETCATALOG_COMPILER_APPICON_NAME = AppIcon;
				ASSETCATALOG_COMPILER_GLOBAL_ACCENT_COLOR_NAME = AccentColor;
				CODE_SIGN_STYLE = Automatic;
				DEVELOPMENT_ASSET_PATHS = "\"Kouti/Preview Content\"";
				DEVELOPMENT_TEAM = 3GTJZ8KSTX;
				ENABLE_PREVIEWS = YES;
				INFOPLIST_FILE = Kouti/Info.plist;
				IPHONEOS_DEPLOYMENT_TARGET = 14.0;
				LD_RUNPATH_SEARCH_PATHS = (
					"$(inherited)",
					"@executable_path/Frameworks",
				);
				PRODUCT_BUNDLE_IDENTIFIER = thiagohxm.Kouti;
				PRODUCT_NAME = "$(TARGET_NAME)";
				SWIFT_VERSION = 5.0;
				TARGETED_DEVICE_FAMILY = "1,2";
			};
			name = Release;
		};
/* End XCBuildConfiguration section */

/* Begin XCConfigurationList section */
		AF4E7298267D1B1500861358 /* Build configuration list for PBXProject "Kouti" */ = {
			isa = XCConfigurationList;
			buildConfigurations = (
				AF4E72AA267D1B1600861358 /* Debug */,
				AF4E72AB267D1B1600861358 /* Release */,
			);
			defaultConfigurationIsVisible = 0;
			defaultConfigurationName = Release;
		};
		AF4E72AC267D1B1600861358 /* Build configuration list for PBXNativeTarget "Kouti" */ = {
			isa = XCConfigurationList;
			buildConfigurations = (
				AF4E72AD267D1B1600861358 /* Debug */,
				AF4E72AE267D1B1600861358 /* Release */,
			);
			defaultConfigurationIsVisible = 0;
			defaultConfigurationName = Release;
		};
/* End XCConfigurationList section */

/* Begin XCRemoteSwiftPackageReference section */
		AF67909426864ABC00D5F454 /* XCRemoteSwiftPackageReference "lottie-ios" */ = {
			isa = XCRemoteSwiftPackageReference;
			repositoryURL = "https://github.com/airbnb/lottie-ios";
			requirement = {
				kind = upToNextMajorVersion;
				minimumVersion = 3.2.3;
			};
		};
/* End XCRemoteSwiftPackageReference section */

/* Begin XCSwiftPackageProductDependency section */
		AF67909526864ABC00D5F454 /* Lottie */ = {
			isa = XCSwiftPackageProductDependency;
			package = AF67909426864ABC00D5F454 /* XCRemoteSwiftPackageReference "lottie-ios" */;
			productName = Lottie;
		};
/* End XCSwiftPackageProductDependency section */
	};
	rootObject = AF4E7295267D1B1500861358 /* Project object */;
}
