// !$*UTF8*$!
{
	archiveVersion = 1;
	classes = {
	};
	objectVersion = 50;
	objects = {

/* Begin PBXBuildFile section */
		AF4E72A1267D1B1500861358 /* KoutiApp.swift in Sources */ = {isa = PBXBuildFile; fileRef = AF4E72A0267D1B1500861358 /* KoutiApp.swift */; };
		AF4E72A3267D1B1500861358 /* ContentView.swift in Sources */ = {isa = PBXBuildFile; fileRef = AF4E72A2267D1B1500861358 /* ContentView.swift */; };
		AF4E72A5267D1B1600861358 /* Assets.xcassets in Resources */ = {isa = PBXBuildFile; fileRef = AF4E72A4267D1B1600861358 /* Assets.xcassets */; };
		AF4E72A8267D1B1600861358 /* Preview Assets.xcassets in Resources */ = {isa = PBXBuildFile; fileRef = AF4E72A7267D1B1600861358 /* Preview Assets.xcassets */; };
		AF4E72B1267D21C600861358 /* UserModels.swift in Sources */ = {isa = PBXBuildFile; fileRef = AF4E72B0267D21C600861358 /* UserModels.swift */; };
		AF4E72B3267D230200861358 /* MonsterModel.swift in Sources */ = {isa = PBXBuildFile; fileRef = AF4E72B2267D230200861358 /* MonsterModel.swift */; };
		AF4E72B6267D23E300861358 /* TitleModel.swift in Sources */ = {isa = PBXBuildFile; fileRef = AF4E72B5267D23E300861358 /* TitleModel.swift */; };
		AF4E72B8267D245800861358 /* Category.swift in Sources */ = {isa = PBXBuildFile; fileRef = AF4E72B7267D245800861358 /* Category.swift */; };
		AF4E72BA267D285600861358 /* TaskModel.swift in Sources */ = {isa = PBXBuildFile; fileRef = AF4E72B9267D285600861358 /* TaskModel.swift */; };
		AF4E72BC267D2B0A00861358 /* Days.swift in Sources */ = {isa = PBXBuildFile; fileRef = AF4E72BB267D2B0A00861358 /* Days.swift */; };
		FA79FEA3267D2FC2001D865D /* BestiaryModel.swift in Sources */ = {isa = PBXBuildFile; fileRef = FA79FEA2267D2FC2001D865D /* BestiaryModel.swift */; };
/* End PBXBuildFile section */

/* Begin PBXFileReference section */
		AF4E729D267D1B1500861358 /* Kouti.app */ = {isa = PBXFileReference; explicitFileType = wrapper.application; includeInIndex = 0; path = Kouti.app; sourceTree = BUILT_PRODUCTS_DIR; };
		AF4E72A0267D1B1500861358 /* KoutiApp.swift */ = {isa = PBXFileReference; lastKnownFileType = sourcecode.swift; path = KoutiApp.swift; sourceTree = "<group>"; };
		AF4E72A2267D1B1500861358 /* ContentView.swift */ = {isa = PBXFileReference; lastKnownFileType = sourcecode.swift; path = ContentView.swift; sourceTree = "<group>"; };
		AF4E72A4267D1B1600861358 /* Assets.xcassets */ = {isa = PBXFileReference; lastKnownFileType = folder.assetcatalog; path = Assets.xcassets; sourceTree = "<group>"; };
		AF4E72A7267D1B1600861358 /* Preview Assets.xcassets */ = {isa = PBXFileReference; lastKnownFileType = folder.assetcatalog; path = "Preview Assets.xcassets"; sourceTree = "<group>"; };
		AF4E72A9267D1B1600861358 /* Info.plist */ = {isa = PBXFileReference; lastKnownFileType = text.plist.xml; path = Info.plist; sourceTree = "<group>"; };
		AF4E72B0267D21C600861358 /* UserModels.swift */ = {isa = PBXFileReference; lastKnownFileType = sourcecode.swift; path = UserModels.swift; sourceTree = "<group>"; };
		AF4E72B2267D230200861358 /* MonsterModel.swift */ = {isa = PBXFileReference; lastKnownFileType = sourcecode.swift; path = MonsterModel.swift; sourceTree = "<group>"; };
		AF4E72B5267D23E300861358 /* TitleModel.swift */ = {isa = PBXFileReference; lastKnownFileType = sourcecode.swift; path = TitleModel.swift; sourceTree = "<group>"; };
		AF4E72B7267D245800861358 /* Category.swift */ = {isa = PBXFileReference; lastKnownFileType = sourcecode.swift; path = Category.swift; sourceTree = "<group>"; };
		AF4E72B9267D285600861358 /* TaskModel.swift */ = {isa = PBXFileReference; lastKnownFileType = sourcecode.swift; path = TaskModel.swift; sourceTree = "<group>"; };
		AF4E72BB267D2B0A00861358 /* Days.swift */ = {isa = PBXFileReference; lastKnownFileType = sourcecode.swift; path = Days.swift; sourceTree = "<group>"; };
		FA79FEA2267D2FC2001D865D /* BestiaryModel.swift */ = {isa = PBXFileReference; lastKnownFileType = sourcecode.swift; path = BestiaryModel.swift; sourceTree = "<group>"; };
/* End PBXFileReference section */

/* Begin PBXFrameworksBuildPhase section */
		AF4E729A267D1B1500861358 /* Frameworks */ = {
			isa = PBXFrameworksBuildPhase;
			buildActionMask = 2147483647;
			files = (
			);
			runOnlyForDeploymentPostprocessing = 0;
		};
/* End PBXFrameworksBuildPhase section */

/* Begin PBXGroup section */
		AF4E7294267D1B1500861358 = {
			isa = PBXGroup;
			children = (
				AF4E729F267D1B1500861358 /* Kouti */,
				AF4E729E267D1B1500861358 /* Products */,
			);
			sourceTree = "<group>";
		};
		AF4E729E267D1B1500861358 /* Products */ = {
			isa = PBXGroup;
			children = (
				AF4E729D267D1B1500861358 /* Kouti.app */,
			);
			name = Products;
			sourceTree = "<group>";
		};
		AF4E729F267D1B1500861358 /* Kouti */ = {
			isa = PBXGroup;
			children = (
				AF4E72B4267D23C500861358 /* resources */,
				AF4E72AF267D21B500861358 /* models */,
				AF4E72A0267D1B1500861358 /* KoutiApp.swift */,
				AF4E72A2267D1B1500861358 /* ContentView.swift */,
				AF4E72A4267D1B1600861358 /* Assets.xcassets */,
				AF4E72A9267D1B1600861358 /* Info.plist */,
				AF4E72A6267D1B1600861358 /* Preview Content */,
			);
			path = Kouti;
			sourceTree = "<group>";
		};
		AF4E72A6267D1B1600861358 /* Preview Content */ = {
			isa = PBXGroup;
			children = (
				AF4E72A7267D1B1600861358 /* Preview Assets.xcassets */,
			);
			path = "Preview Content";
			sourceTree = "<group>";
		};
		AF4E72AF267D21B500861358 /* models */ = {
			isa = PBXGroup;
			children = (
				AF4E72B5267D23E300861358 /* TitleModel.swift */,
				AF4E72B0267D21C600861358 /* UserModels.swift */,
				AF4E72B9267D285600861358 /* TaskModel.swift */,
				AF4E72B2267D230200861358 /* MonsterModel.swift */,
				FA79FEA2267D2FC2001D865D /* BestiaryModel.swift */,
			);
			path = models;
			sourceTree = "<group>";
		};
		AF4E72B4267D23C500861358 /* resources */ = {
			isa = PBXGroup;
			children = (
				AF4E72B7267D245800861358 /* Category.swift */,
				AF4E72BB267D2B0A00861358 /* Days.swift */,
			);
			path = resources;
			sourceTree = "<group>";
		};
/* End PBXGroup section */

/* Begin PBXNativeTarget section */
		AF4E729C267D1B1500861358 /* Kouti */ = {
			isa = PBXNativeTarget;
			buildConfigurationList = AF4E72AC267D1B1600861358 /* Build configuration list for PBXNativeTarget "Kouti" */;
			buildPhases = (
				AF4E7299267D1B1500861358 /* Sources */,
				AF4E729A267D1B1500861358 /* Frameworks */,
				AF4E729B267D1B1500861358 /* Resources */,
			);
			buildRules = (
			);
			dependencies = (
			);
			name = Kouti;
			productName = Kouti;
			productReference = AF4E729D267D1B1500861358 /* Kouti.app */;
			productType = "com.apple.product-type.application";
		};
/* End PBXNativeTarget section */

/* Begin PBXProject section */
		AF4E7295267D1B1500861358 /* Project object */ = {
			isa = PBXProject;
			attributes = {
				LastSwiftUpdateCheck = 1250;
				LastUpgradeCheck = 1250;
				TargetAttributes = {
					AF4E729C267D1B1500861358 = {
						CreatedOnToolsVersion = 12.5;
					};
				};
			};
			buildConfigurationList = AF4E7298267D1B1500861358 /* Build configuration list for PBXProject "Kouti" */;
			compatibilityVersion = "Xcode 9.3";
			developmentRegion = en;
			hasScannedForEncodings = 0;
			knownRegions = (
				en,
				Base,
			);
			mainGroup = AF4E7294267D1B1500861358;
			productRefGroup = AF4E729E267D1B1500861358 /* Products */;
			projectDirPath = "";
			projectRoot = "";
			targets = (
				AF4E729C267D1B1500861358 /* Kouti */,
			);
		};
/* End PBXProject section */

/* Begin PBXResourcesBuildPhase section */
		AF4E729B267D1B1500861358 /* Resources */ = {
			isa = PBXResourcesBuildPhase;
			buildActionMask = 2147483647;
			files = (
				AF4E72A8267D1B1600861358 /* Preview Assets.xcassets in Resources */,
				AF4E72A5267D1B1600861358 /* Assets.xcassets in Resources */,
			);
			runOnlyForDeploymentPostprocessing = 0;
		};
/* End PBXResourcesBuildPhase section */

/* Begin PBXSourcesBuildPhase section */
		AF4E7299267D1B1500861358 /* Sources */ = {
			isa = PBXSourcesBuildPhase;
			buildActionMask = 2147483647;
			files = (
				AF4E72B6267D23E300861358 /* TitleModel.swift in Sources */,
				AF4E72A3267D1B1500861358 /* ContentView.swift in Sources */,
				AF4E72B1267D21C600861358 /* UserModels.swift in Sources */,
				AF4E72B3267D230200861358 /* MonsterModel.swift in Sources */,
				AF4E72A1267D1B1500861358 /* KoutiApp.swift in Sources */,
				AF4E72B8267D245800861358 /* Category.swift in Sources */,
				FA79FEA3267D2FC2001D865D /* BestiaryModel.swift in Sources */,
				AF4E72BC267D2B0A00861358 /* Days.swift in Sources */,
				AF4E72BA267D285600861358 /* TaskModel.swift in Sources */,
			);
			runOnlyForDeploymentPostprocessing = 0;
		};
/* End PBXSourcesBuildPhase section */

/* Begin XCBuildConfiguration section */
		AF4E72AA267D1B1600861358 /* Debug */ = {
			isa = XCBuildConfiguration;
			buildSettings = {
				ALWAYS_SEARCH_USER_PATHS = NO;
				CLANG_ANALYZER_NONNULL = YES;
				CLANG_ANALYZER_NUMBER_OBJECT_CONVERSION = YES_AGGRESSIVE;
				CLANG_CXX_LANGUAGE_STANDARD = "gnu++14";
				CLANG_CXX_LIBRARY = "libc++";
				CLANG_ENABLE_MODULES = YES;
				CLANG_ENABLE_OBJC_ARC = YES;
				CLANG_ENABLE_OBJC_WEAK = YES;
				CLANG_WARN_BLOCK_CAPTURE_AUTORELEASING = YES;
				CLANG_WARN_BOOL_CONVERSION = YES;
				CLANG_WARN_COMMA = YES;
				CLANG_WARN_CONSTANT_CONVERSION = YES;
				CLANG_WARN_DEPRECATED_OBJC_IMPLEMENTATIONS = YES;
				CLANG_WARN_DIRECT_OBJC_ISA_USAGE = YES_ERROR;
				CLANG_WARN_DOCUMENTATION_COMMENTS = YES;
				CLANG_WARN_EMPTY_BODY = YES;
				CLANG_WARN_ENUM_CONVERSION = YES;
				CLANG_WARN_INFINITE_RECURSION = YES;
				CLANG_WARN_INT_CONVERSION = YES;
				CLANG_WARN_NON_LITERAL_NULL_CONVERSION = YES;
				CLANG_WARN_OBJC_IMPLICIT_RETAIN_SELF = YES;
				CLANG_WARN_OBJC_LITERAL_CONVERSION = YES;
				CLANG_WARN_OBJC_ROOT_CLASS = YES_ERROR;
				CLANG_WARN_QUOTED_INCLUDE_IN_FRAMEWORK_HEADER = YES;
				CLANG_WARN_RANGE_LOOP_ANALYSIS = YES;
				CLANG_WARN_STRICT_PROTOTYPES = YES;
				CLANG_WARN_SUSPICIOUS_MOVE = YES;
				CLANG_WARN_UNGUARDED_AVAILABILITY = YES_AGGRESSIVE;
				CLANG_WARN_UNREACHABLE_CODE = YES;
				CLANG_WARN__DUPLICATE_METHOD_MATCH = YES;
				COPY_PHASE_STRIP = NO;
				DEBUG_INFORMATION_FORMAT = dwarf;
				ENABLE_STRICT_OBJC_MSGSEND = YES;
				ENABLE_TESTABILITY = YES;
				GCC_C_LANGUAGE_STANDARD = gnu11;
				GCC_DYNAMIC_NO_PIC = NO;
				GCC_NO_COMMON_BLOCKS = YES;
				GCC_OPTIMIZATION_LEVEL = 0;
				GCC_PREPROCESSOR_DEFINITIONS = (
					"DEBUG=1",
					"$(inherited)",
				);
				GCC_WARN_64_TO_32_BIT_CONVERSION = YES;
				GCC_WARN_ABOUT_RETURN_TYPE = YES_ERROR;
				GCC_WARN_UNDECLARED_SELECTOR = YES;
				GCC_WARN_UNINITIALIZED_AUTOS = YES_AGGRESSIVE;
				GCC_WARN_UNUSED_FUNCTION = YES;
				GCC_WARN_UNUSED_VARIABLE = YES;
				IPHONEOS_DEPLOYMENT_TARGET = 14.5;
				MTL_ENABLE_DEBUG_INFO = INCLUDE_SOURCE;
				MTL_FAST_MATH = YES;
				ONLY_ACTIVE_ARCH = YES;
				SDKROOT = iphoneos;
				SWIFT_ACTIVE_COMPILATION_CONDITIONS = DEBUG;
				SWIFT_OPTIMIZATION_LEVEL = "-Onone";
			};
			name = Debug;
		};
		AF4E72AB267D1B1600861358 /* Release */ = {
			isa = XCBuildConfiguration;
			buildSettings = {
				ALWAYS_SEARCH_USER_PATHS = NO;
				CLANG_ANALYZER_NONNULL = YES;
				CLANG_ANALYZER_NUMBER_OBJECT_CONVERSION = YES_AGGRESSIVE;
				CLANG_CXX_LANGUAGE_STANDARD = "gnu++14";
				CLANG_CXX_LIBRARY = "libc++";
				CLANG_ENABLE_MODULES = YES;
				CLANG_ENABLE_OBJC_ARC = YES;
				CLANG_ENABLE_OBJC_WEAK = YES;
				CLANG_WARN_BLOCK_CAPTURE_AUTORELEASING = YES;
				CLANG_WARN_BOOL_CONVERSION = YES;
				CLANG_WARN_COMMA = YES;
				CLANG_WARN_CONSTANT_CONVERSION = YES;
				CLANG_WARN_DEPRECATED_OBJC_IMPLEMENTATIONS = YES;
				CLANG_WARN_DIRECT_OBJC_ISA_USAGE = YES_ERROR;
				CLANG_WARN_DOCUMENTATION_COMMENTS = YES;
				CLANG_WARN_EMPTY_BODY = YES;
				CLANG_WARN_ENUM_CONVERSION = YES;
				CLANG_WARN_INFINITE_RECURSION = YES;
				CLANG_WARN_INT_CONVERSION = YES;
				CLANG_WARN_NON_LITERAL_NULL_CONVERSION = YES;
				CLANG_WARN_OBJC_IMPLICIT_RETAIN_SELF = YES;
				CLANG_WARN_OBJC_LITERAL_CONVERSION = YES;
				CLANG_WARN_OBJC_ROOT_CLASS = YES_ERROR;
				CLANG_WARN_QUOTED_INCLUDE_IN_FRAMEWORK_HEADER = YES;
				CLANG_WARN_RANGE_LOOP_ANALYSIS = YES;
				CLANG_WARN_STRICT_PROTOTYPES = YES;
				CLANG_WARN_SUSPICIOUS_MOVE = YES;
				CLANG_WARN_UNGUARDED_AVAILABILITY = YES_AGGRESSIVE;
				CLANG_WARN_UNREACHABLE_CODE = YES;
				CLANG_WARN__DUPLICATE_METHOD_MATCH = YES;
				COPY_PHASE_STRIP = NO;
				DEBUG_INFORMATION_FORMAT = "dwarf-with-dsym";
				ENABLE_NS_ASSERTIONS = NO;
				ENABLE_STRICT_OBJC_MSGSEND = YES;
				GCC_C_LANGUAGE_STANDARD = gnu11;
				GCC_NO_COMMON_BLOCKS = YES;
				GCC_WARN_64_TO_32_BIT_CONVERSION = YES;
				GCC_WARN_ABOUT_RETURN_TYPE = YES_ERROR;
				GCC_WARN_UNDECLARED_SELECTOR = YES;
				GCC_WARN_UNINITIALIZED_AUTOS = YES_AGGRESSIVE;
				GCC_WARN_UNUSED_FUNCTION = YES;
				GCC_WARN_UNUSED_VARIABLE = YES;
				IPHONEOS_DEPLOYMENT_TARGET = 14.5;
				MTL_ENABLE_DEBUG_INFO = NO;
				MTL_FAST_MATH = YES;
				SDKROOT = iphoneos;
				SWIFT_COMPILATION_MODE = wholemodule;
				SWIFT_OPTIMIZATION_LEVEL = "-O";
				VALIDATE_PRODUCT = YES;
			};
			name = Release;
		};
		AF4E72AD267D1B1600861358 /* Debug */ = {
			isa = XCBuildConfiguration;
			buildSettings = {
				ASSETCATALOG_COMPILER_APPICON_NAME = AppIcon;
				ASSETCATALOG_COMPILER_GLOBAL_ACCENT_COLOR_NAME = AccentColor;
				CODE_SIGN_STYLE = Automatic;
				DEVELOPMENT_ASSET_PATHS = "\"Kouti/Preview Content\"";
				DEVELOPMENT_TEAM = 3GTJZ8KSTX;
				ENABLE_PREVIEWS = YES;
				INFOPLIST_FILE = Kouti/Info.plist;
				IPHONEOS_DEPLOYMENT_TARGET = 14.0;
				LD_RUNPATH_SEARCH_PATHS = (
					"$(inherited)",
					"@executable_path/Frameworks",
				);
				PRODUCT_BUNDLE_IDENTIFIER = thiagohxm.Kouti;
				PRODUCT_NAME = "$(TARGET_NAME)";
				SWIFT_VERSION = 5.0;
				TARGETED_DEVICE_FAMILY = "1,2";
			};
			name = Debug;
		};
		AF4E72AE267D1B1600861358 /* Release */ = {
			isa = XCBuildConfiguration;
			buildSettings = {
				ASSETCATALOG_COMPILER_APPICON_NAME = AppIcon;
				ASSETCATALOG_COMPILER_GLOBAL_ACCENT_COLOR_NAME = AccentColor;
				CODE_SIGN_STYLE = Automatic;
				DEVELOPMENT_ASSET_PATHS = "\"Kouti/Preview Content\"";
				DEVELOPMENT_TEAM = 3GTJZ8KSTX;
				ENABLE_PREVIEWS = YES;
				INFOPLIST_FILE = Kouti/Info.plist;
				IPHONEOS_DEPLOYMENT_TARGET = 14.0;
				LD_RUNPATH_SEARCH_PATHS = (
					"$(inherited)",
					"@executable_path/Frameworks",
				);
				PRODUCT_BUNDLE_IDENTIFIER = thiagohxm.Kouti;
				PRODUCT_NAME = "$(TARGET_NAME)";
				SWIFT_VERSION = 5.0;
				TARGETED_DEVICE_FAMILY = "1,2";
			};
			name = Release;
		};
/* End XCBuildConfiguration section */

/* Begin XCConfigurationList section */
		AF4E7298267D1B1500861358 /* Build configuration list for PBXProject "Kouti" */ = {
			isa = XCConfigurationList;
			buildConfigurations = (
				AF4E72AA267D1B1600861358 /* Debug */,
				AF4E72AB267D1B1600861358 /* Release */,
			);
			defaultConfigurationIsVisible = 0;
			defaultConfigurationName = Release;
		};
		AF4E72AC267D1B1600861358 /* Build configuration list for PBXNativeTarget "Kouti" */ = {
			isa = XCConfigurationList;
			buildConfigurations = (
				AF4E72AD267D1B1600861358 /* Debug */,
				AF4E72AE267D1B1600861358 /* Release */,
			);
			defaultConfigurationIsVisible = 0;
			defaultConfigurationName = Release;
		};
/* End XCConfigurationList section */
	};
	rootObject = AF4E7295267D1B1500861358 /* Project object */;
}
